<?xml version="1.0" encoding="utf-8"?>
<Project ToolsVersion="4.0" xmlns="http://schemas.microsoft.com/developer/msbuild/2003">
  <ItemGroup>
    <Filter Include="源文件">
      <UniqueIdentifier>{2bca239c-87c8-46e7-8f49-c7c7fbf1962d}</UniqueIdentifier>
    </Filter>
    <Filter Include="生成的文件">
      <UniqueIdentifier>{22a642f3-7469-4d01-8c40-193de64385b7}</UniqueIdentifier>
      <SourceControlFiles>False</SourceControlFiles>
    </Filter>
  </ItemGroup>
  <ItemGroup>
    <None Include="BHODemops.def" />
  </ItemGroup>
  <ItemGroup>
    <ClCompile Include="BHODemo_i.c">
      <Filter>生成的文件</Filter>
    </ClCompile>
    <ClCompile Include="BHODemo_p.c">
      <Filter>生成的文件</Filter>
    </ClCompile>
    <ClCompile Include="dlldata.c">
      <Filter>生成的文件</Filter>
    </ClCompile>
  </ItemGroup>
</Project>